// !$*UTF8*$!
{
	archiveVersion = 1;
	classes = {
	};
	objectVersion = 48;
	objects = {

/* Begin PBXBuildFile section */
		B306E2EA2045C5B900F0E0D9 /* Projectile.swift in Sources */ = {isa = PBXBuildFile; fileRef = B306E2E92045C5B900F0E0D9 /* Projectile.swift */; };
		B306E2EC2045D01A00F0E0D9 /* ButtonNode.swift in Sources */ = {isa = PBXBuildFile; fileRef = B306E2EB2045D01A00F0E0D9 /* ButtonNode.swift */; };
		B306E2F02045E2EA00F0E0D9 /* LifespanComponent.swift in Sources */ = {isa = PBXBuildFile; fileRef = B306E2EF2045E2EA00F0E0D9 /* LifespanComponent.swift */; };
		B306E2F22045F88900F0E0D9 /* Building.swift in Sources */ = {isa = PBXBuildFile; fileRef = B306E2F12045F88900F0E0D9 /* Building.swift */; };
		B306E2F620461C6D00F0E0D9 /* RaiderAgent.swift in Sources */ = {isa = PBXBuildFile; fileRef = B306E2F520461C6D00F0E0D9 /* RaiderAgent.swift */; };
		B306E2F82046223600F0E0D9 /* Raider.swift in Sources */ = {isa = PBXBuildFile; fileRef = B306E2F72046223600F0E0D9 /* Raider.swift */; };
		B30B81B92049BC3800A4F7A0 /* SceneBuilderNodes.swift in Sources */ = {isa = PBXBuildFile; fileRef = B30B81B82049BC3800A4F7A0 /* SceneBuilderNodes.swift */; };
		B30B81BB2049BDBA00A4F7A0 /* Tree.swift in Sources */ = {isa = PBXBuildFile; fileRef = B30B81BA2049BDBA00A4F7A0 /* Tree.swift */; };
		B30B81BD2049C47800A4F7A0 /* Rock.swift in Sources */ = {isa = PBXBuildFile; fileRef = B30B81BC2049C47800A4F7A0 /* Rock.swift */; };
		B3128526205C2F5F00F48AAD /* User.swift in Sources */ = {isa = PBXBuildFile; fileRef = B3128525205C2F5F00F48AAD /* User.swift */; };
		B3150F052060618000E10875 /* explosion.atlas in Resources */ = {isa = PBXBuildFile; fileRef = B3150F042060618000E10875 /* explosion.atlas */; };
		B3150F07206061BD00E10875 /* ConstantAnimationComponent.swift in Sources */ = {isa = PBXBuildFile; fileRef = B3150F06206061BD00E10875 /* ConstantAnimationComponent.swift */; };
		B3150F0B206064CF00E10875 /* Explosion.swift in Sources */ = {isa = PBXBuildFile; fileRef = B3150F0A206064CF00E10875 /* Explosion.swift */; };
		B3338B932049F21900589E7C /* RetreatBehavior.swift in Sources */ = {isa = PBXBuildFile; fileRef = B3338B922049F21800589E7C /* RetreatBehavior.swift */; };
		B352B075205B30560058E0B8 /* ResourceNames.swift in Sources */ = {isa = PBXBuildFile; fileRef = B352B074205B30560058E0B8 /* ResourceNames.swift */; };
		B35BEBC42048B2A90039CF1E /* VT323-Regular.ttf in Resources */ = {isa = PBXBuildFile; fileRef = B35BEBC32048B2A90039CF1E /* VT323-Regular.ttf */; };
		B35BEBC62048B4EE0039CF1E /* DeathEffectComonent.swift in Sources */ = {isa = PBXBuildFile; fileRef = B35BEBC52048B4EE0039CF1E /* DeathEffectComonent.swift */; };
		B35BEBC82048C1F90039CF1E /* TeamComponent.swift in Sources */ = {isa = PBXBuildFile; fileRef = B35BEBC72048C1F90039CF1E /* TeamComponent.swift */; };
		B35BEBD02048E5530039CF1E /* LevelOne.sks in Resources */ = {isa = PBXBuildFile; fileRef = B35BEBCF2048E5530039CF1E /* LevelOne.sks */; };
		B361E2C620423E7100B2AF27 /* AppDelegate.swift in Sources */ = {isa = PBXBuildFile; fileRef = B361E2C520423E7100B2AF27 /* AppDelegate.swift */; };
		B361E2CC20423E7100B2AF27 /* GameScene.swift in Sources */ = {isa = PBXBuildFile; fileRef = B361E2CB20423E7100B2AF27 /* GameScene.swift */; };
		B361E2CE20423E7100B2AF27 /* GameViewController.swift in Sources */ = {isa = PBXBuildFile; fileRef = B361E2CD20423E7100B2AF27 /* GameViewController.swift */; };
		B361E2D120423E7100B2AF27 /* Main.storyboard in Resources */ = {isa = PBXBuildFile; fileRef = B361E2CF20423E7100B2AF27 /* Main.storyboard */; };
		B361E2D320423E7100B2AF27 /* Assets.xcassets in Resources */ = {isa = PBXBuildFile; fileRef = B361E2D220423E7100B2AF27 /* Assets.xcassets */; };
		B361E2D620423E7100B2AF27 /* LaunchScreen.storyboard in Resources */ = {isa = PBXBuildFile; fileRef = B361E2D420423E7100B2AF27 /* LaunchScreen.storyboard */; };
		B36C5F7A20474FDC0097F01B /* DebuggingBeacon.swift in Sources */ = {isa = PBXBuildFile; fileRef = B36C5F7920474FDC0097F01B /* DebuggingBeacon.swift */; };
		B36C5F7C20474FFE0097F01B /* PositionLoggingComponent.swift in Sources */ = {isa = PBXBuildFile; fileRef = B36C5F7B20474FFE0097F01B /* PositionLoggingComponent.swift */; };
		B36EE3C3205971CC003DBD40 /* MainMenuScene.swift in Sources */ = {isa = PBXBuildFile; fileRef = B36EE3C2205971CC003DBD40 /* MainMenuScene.swift */; };
		B36EE3C520599A79003DBD40 /* MotherShip.swift in Sources */ = {isa = PBXBuildFile; fileRef = B36EE3C420599A79003DBD40 /* MotherShip.swift */; };
		B3790CB42061B9FE00EF2174 /* DifficultyLevel.swift in Sources */ = {isa = PBXBuildFile; fileRef = B3790CB32061B9FE00EF2174 /* DifficultyLevel.swift */; };
		B3790CB62061C26F00EF2174 /* Hunter.swift in Sources */ = {isa = PBXBuildFile; fileRef = B3790CB52061C26F00EF2174 /* Hunter.swift */; };
		B3790CB82062010400EF2174 /* ImpactFeedbackComponent.swift in Sources */ = {isa = PBXBuildFile; fileRef = B3790CB72062010400EF2174 /* ImpactFeedbackComponent.swift */; };
		B37D2CF0204515EC0048941B /* FireComponent.swift in Sources */ = {isa = PBXBuildFile; fileRef = B37D2CEF204515EC0048941B /* FireComponent.swift */; };
		B394483A20535F3100A48BF0 /* AirfoilComponent.swift in Sources */ = {isa = PBXBuildFile; fileRef = B394483920535F3100A48BF0 /* AirfoilComponent.swift */; };
		B395E44620583ADB0091C7A3 /* basic_fighter_short.atlas in Resources */ = {isa = PBXBuildFile; fileRef = B395E44520583ADA0091C7A3 /* basic_fighter_short.atlas */; };
		B395E448205841240091C7A3 /* Ground.swift in Sources */ = {isa = PBXBuildFile; fileRef = B395E447205841240091C7A3 /* Ground.swift */; };
		B395E44A205845500091C7A3 /* RocketFire.sks in Resources */ = {isa = PBXBuildFile; fileRef = B395E449205845500091C7A3 /* RocketFire.sks */; };
		B395E44C2058482E0091C7A3 /* RocketEffectComponent.swift in Sources */ = {isa = PBXBuildFile; fileRef = B395E44B2058482E0091C7A3 /* RocketEffectComponent.swift */; };
		B3A4457D20616230001587BB /* CollisionAvoidanceBehavior.swift in Sources */ = {isa = PBXBuildFile; fileRef = B3A4457C20616230001587BB /* CollisionAvoidanceBehavior.swift */; };
		B3A4457F20616C32001587BB /* PassiveObstacleComponent.swift in Sources */ = {isa = PBXBuildFile; fileRef = B3A4457E20616C32001587BB /* PassiveObstacleComponent.swift */; };
		B3A445812061A05B001587BB /* HunterAgent.swift in Sources */ = {isa = PBXBuildFile; fileRef = B3A445802061A05B001587BB /* HunterAgent.swift */; };
		B3AABB382062D5EF0093869F /* Sounds.swift in Sources */ = {isa = PBXBuildFile; fileRef = B3AABB372062D5EF0093869F /* Sounds.swift */; };
		B3AC52282062FA9C009E76BD /* HealthPack.swift in Sources */ = {isa = PBXBuildFile; fileRef = B3AC52272062FA9C009E76BD /* HealthPack.swift */; };
		B3AC522C206305D0009E76BD /* small_explosion.caf in Resources */ = {isa = PBXBuildFile; fileRef = B3AC522B206305D0009E76BD /* small_explosion.caf */; };
		B3AC522E2063065E009E76BD /* SettingsScene.swift in Sources */ = {isa = PBXBuildFile; fileRef = B3AC522D2063065E009E76BD /* SettingsScene.swift */; };
		B3C20D3D20486D2700B4F962 /* GameStates.swift in Sources */ = {isa = PBXBuildFile; fileRef = B3C20D3C20486D2700B4F962 /* GameStates.swift */; };
		B3C861C320570CC70053688D /* AnimatedComponent.swift in Sources */ = {isa = PBXBuildFile; fileRef = B3C861C220570CC70053688D /* AnimatedComponent.swift */; };
		B3CD462D204468310016B396 /* SpriteComponent.swift in Sources */ = {isa = PBXBuildFile; fileRef = B3CD462C204468310016B396 /* SpriteComponent.swift */; };
		B3CD463020446A410016B396 /* PhysicsComponent.swift in Sources */ = {isa = PBXBuildFile; fileRef = B3CD462F20446A410016B396 /* PhysicsComponent.swift */; };
		B3CD463520446F970016B396 /* HumanFighter.swift in Sources */ = {isa = PBXBuildFile; fileRef = B3CD463420446F970016B396 /* HumanFighter.swift */; };
		B3CD46372044729A0016B396 /* EntityController.swift in Sources */ = {isa = PBXBuildFile; fileRef = B3CD46362044729A0016B396 /* EntityController.swift */; };
		B3CD463B204479050016B396 /* PropulsionComponent.swift in Sources */ = {isa = PBXBuildFile; fileRef = B3CD463A204479050016B396 /* PropulsionComponent.swift */; };
		B3CD463E204494AE0016B396 /* JoystickNode.swift in Sources */ = {isa = PBXBuildFile; fileRef = B3CD463D204494AE0016B396 /* JoystickNode.swift */; };
		B3CD46402044A9AC0016B396 /* ManualRotationComponent.swift in Sources */ = {isa = PBXBuildFile; fileRef = B3CD463F2044A9AC0016B396 /* ManualRotationComponent.swift */; };
		B3CD46422044B70D0016B396 /* MapWrappingComponent.swift in Sources */ = {isa = PBXBuildFile; fileRef = B3CD46412044B70D0016B396 /* MapWrappingComponent.swift */; };
		B3CD46442044C3930016B396 /* HealthComponent.swift in Sources */ = {isa = PBXBuildFile; fileRef = B3CD46432044C3930016B396 /* HealthComponent.swift */; };
		B3CD46462044C5900016B396 /* ContactDamageComponent.swift in Sources */ = {isa = PBXBuildFile; fileRef = B3CD46452044C5900016B396 /* ContactDamageComponent.swift */; };
		B3CD46482044CC440016B396 /* PassiveAgent.swift in Sources */ = {isa = PBXBuildFile; fileRef = B3CD46472044CC440016B396 /* PassiveAgent.swift */; };
		B3CD464A2044D34F0016B396 /* ChaseBehavior.swift in Sources */ = {isa = PBXBuildFile; fileRef = B3CD46492044D34F0016B396 /* ChaseBehavior.swift */; };
		B3CD464D2044D49D0016B396 /* ChaseAgent.swift in Sources */ = {isa = PBXBuildFile; fileRef = B3CD464C2044D49D0016B396 /* ChaseAgent.swift */; };
		B3CD464F2044D7F40016B396 /* GuidedMissile.swift in Sources */ = {isa = PBXBuildFile; fileRef = B3CD464E2044D7F40016B396 /* GuidedMissile.swift */; };
		B3D10447205B6AF100DCC8C0 /* SceneResources.atlas in Resources */ = {isa = PBXBuildFile; fileRef = B3D10446205B6AF100DCC8C0 /* SceneResources.atlas */; };
		B3D75933205C82D20006F2C6 /* DisplayedPercentageBar.swift in Sources */ = {isa = PBXBuildFile; fileRef = B3D75932205C82D20006F2C6 /* DisplayedPercentageBar.swift */; };
		B3D75935205C8C570006F2C6 /* PercentageBarComponent.swift in Sources */ = {isa = PBXBuildFile; fileRef = B3D75934205C8C570006F2C6 /* PercentageBarComponent.swift */; };
/* End PBXBuildFile section */

/* Begin PBXFileReference section */
		B306E2E92045C5B900F0E0D9 /* Projectile.swift */ = {isa = PBXFileReference; lastKnownFileType = sourcecode.swift; path = Projectile.swift; sourceTree = "<group>"; };
		B306E2EB2045D01A00F0E0D9 /* ButtonNode.swift */ = {isa = PBXFileReference; lastKnownFileType = sourcecode.swift; path = ButtonNode.swift; sourceTree = "<group>"; };
		B306E2EF2045E2EA00F0E0D9 /* LifespanComponent.swift */ = {isa = PBXFileReference; lastKnownFileType = sourcecode.swift; path = LifespanComponent.swift; sourceTree = "<group>"; };
		B306E2F12045F88900F0E0D9 /* Building.swift */ = {isa = PBXFileReference; lastKnownFileType = sourcecode.swift; path = Building.swift; sourceTree = "<group>"; };
		B306E2F520461C6D00F0E0D9 /* RaiderAgent.swift */ = {isa = PBXFileReference; lastKnownFileType = sourcecode.swift; path = RaiderAgent.swift; sourceTree = "<group>"; };
		B306E2F72046223600F0E0D9 /* Raider.swift */ = {isa = PBXFileReference; lastKnownFileType = sourcecode.swift; path = Raider.swift; sourceTree = "<group>"; };
		B30B81B82049BC3800A4F7A0 /* SceneBuilderNodes.swift */ = {isa = PBXFileReference; lastKnownFileType = sourcecode.swift; path = SceneBuilderNodes.swift; sourceTree = "<group>"; };
		B30B81BA2049BDBA00A4F7A0 /* Tree.swift */ = {isa = PBXFileReference; lastKnownFileType = sourcecode.swift; path = Tree.swift; sourceTree = "<group>"; };
		B30B81BC2049C47800A4F7A0 /* Rock.swift */ = {isa = PBXFileReference; lastKnownFileType = sourcecode.swift; path = Rock.swift; sourceTree = "<group>"; };
		B3128525205C2F5F00F48AAD /* User.swift */ = {isa = PBXFileReference; lastKnownFileType = sourcecode.swift; path = User.swift; sourceTree = "<group>"; };
		B3150F042060618000E10875 /* explosion.atlas */ = {isa = PBXFileReference; lastKnownFileType = folder.skatlas; path = explosion.atlas; sourceTree = "<group>"; };
		B3150F06206061BD00E10875 /* ConstantAnimationComponent.swift */ = {isa = PBXFileReference; lastKnownFileType = sourcecode.swift; path = ConstantAnimationComponent.swift; sourceTree = "<group>"; };
		B3150F0A206064CF00E10875 /* Explosion.swift */ = {isa = PBXFileReference; lastKnownFileType = sourcecode.swift; path = Explosion.swift; sourceTree = "<group>"; };
		B3338B922049F21800589E7C /* RetreatBehavior.swift */ = {isa = PBXFileReference; fileEncoding = 4; lastKnownFileType = sourcecode.swift; path = RetreatBehavior.swift; sourceTree = "<group>"; };
		B352B074205B30560058E0B8 /* ResourceNames.swift */ = {isa = PBXFileReference; lastKnownFileType = sourcecode.swift; path = ResourceNames.swift; sourceTree = "<group>"; };
		B35BEBC32048B2A90039CF1E /* VT323-Regular.ttf */ = {isa = PBXFileReference; lastKnownFileType = file; path = "VT323-Regular.ttf"; sourceTree = "<group>"; };
		B35BEBC52048B4EE0039CF1E /* DeathEffectComonent.swift */ = {isa = PBXFileReference; lastKnownFileType = sourcecode.swift; path = DeathEffectComonent.swift; sourceTree = "<group>"; };
		B35BEBC72048C1F90039CF1E /* TeamComponent.swift */ = {isa = PBXFileReference; lastKnownFileType = sourcecode.swift; path = TeamComponent.swift; sourceTree = "<group>"; };
		B35BEBCF2048E5530039CF1E /* LevelOne.sks */ = {isa = PBXFileReference; lastKnownFileType = file.sks; path = LevelOne.sks; sourceTree = "<group>"; };
		B361E2C220423E7100B2AF27 /* Homeworld.app */ = {isa = PBXFileReference; explicitFileType = wrapper.application; includeInIndex = 0; path = Homeworld.app; sourceTree = BUILT_PRODUCTS_DIR; };
		B361E2C520423E7100B2AF27 /* AppDelegate.swift */ = {isa = PBXFileReference; lastKnownFileType = sourcecode.swift; path = AppDelegate.swift; sourceTree = "<group>"; };
		B361E2CB20423E7100B2AF27 /* GameScene.swift */ = {isa = PBXFileReference; lastKnownFileType = sourcecode.swift; path = GameScene.swift; sourceTree = "<group>"; };
		B361E2CD20423E7100B2AF27 /* GameViewController.swift */ = {isa = PBXFileReference; lastKnownFileType = sourcecode.swift; path = GameViewController.swift; sourceTree = "<group>"; };
		B361E2D020423E7100B2AF27 /* Base */ = {isa = PBXFileReference; lastKnownFileType = file.storyboard; name = Base; path = Base.lproj/Main.storyboard; sourceTree = "<group>"; };
		B361E2D220423E7100B2AF27 /* Assets.xcassets */ = {isa = PBXFileReference; lastKnownFileType = folder.assetcatalog; path = Assets.xcassets; sourceTree = "<group>"; };
		B361E2D520423E7100B2AF27 /* Base */ = {isa = PBXFileReference; lastKnownFileType = file.storyboard; name = Base; path = Base.lproj/LaunchScreen.storyboard; sourceTree = "<group>"; };
		B361E2D720423E7100B2AF27 /* Info.plist */ = {isa = PBXFileReference; lastKnownFileType = text.plist.xml; path = Info.plist; sourceTree = "<group>"; };
		B36C5F7920474FDC0097F01B /* DebuggingBeacon.swift */ = {isa = PBXFileReference; lastKnownFileType = sourcecode.swift; path = DebuggingBeacon.swift; sourceTree = "<group>"; };
		B36C5F7B20474FFE0097F01B /* PositionLoggingComponent.swift */ = {isa = PBXFileReference; lastKnownFileType = sourcecode.swift; path = PositionLoggingComponent.swift; sourceTree = "<group>"; };
		B36EE3C2205971CC003DBD40 /* MainMenuScene.swift */ = {isa = PBXFileReference; lastKnownFileType = sourcecode.swift; path = MainMenuScene.swift; sourceTree = "<group>"; };
		B36EE3C420599A79003DBD40 /* MotherShip.swift */ = {isa = PBXFileReference; lastKnownFileType = sourcecode.swift; path = MotherShip.swift; sourceTree = "<group>"; };
		B3790CB32061B9FE00EF2174 /* DifficultyLevel.swift */ = {isa = PBXFileReference; lastKnownFileType = sourcecode.swift; path = DifficultyLevel.swift; sourceTree = "<group>"; };
		B3790CB52061C26F00EF2174 /* Hunter.swift */ = {isa = PBXFileReference; lastKnownFileType = sourcecode.swift; path = Hunter.swift; sourceTree = "<group>"; };
		B3790CB72062010400EF2174 /* ImpactFeedbackComponent.swift */ = {isa = PBXFileReference; lastKnownFileType = sourcecode.swift; path = ImpactFeedbackComponent.swift; sourceTree = "<group>"; };
		B37D2CEF204515EC0048941B /* FireComponent.swift */ = {isa = PBXFileReference; lastKnownFileType = sourcecode.swift; path = FireComponent.swift; sourceTree = "<group>"; };
		B394483920535F3100A48BF0 /* AirfoilComponent.swift */ = {isa = PBXFileReference; lastKnownFileType = sourcecode.swift; path = AirfoilComponent.swift; sourceTree = "<group>"; };
		B395E44520583ADA0091C7A3 /* basic_fighter_short.atlas */ = {isa = PBXFileReference; lastKnownFileType = folder.skatlas; path = basic_fighter_short.atlas; sourceTree = "<group>"; };
		B395E447205841240091C7A3 /* Ground.swift */ = {isa = PBXFileReference; lastKnownFileType = sourcecode.swift; path = Ground.swift; sourceTree = "<group>"; };
		B395E449205845500091C7A3 /* RocketFire.sks */ = {isa = PBXFileReference; lastKnownFileType = file.sks; path = RocketFire.sks; sourceTree = "<group>"; };
		B395E44B2058482E0091C7A3 /* RocketEffectComponent.swift */ = {isa = PBXFileReference; lastKnownFileType = sourcecode.swift; path = RocketEffectComponent.swift; sourceTree = "<group>"; };
		B3A4457C20616230001587BB /* CollisionAvoidanceBehavior.swift */ = {isa = PBXFileReference; lastKnownFileType = sourcecode.swift; path = CollisionAvoidanceBehavior.swift; sourceTree = "<group>"; };
		B3A4457E20616C32001587BB /* PassiveObstacleComponent.swift */ = {isa = PBXFileReference; lastKnownFileType = sourcecode.swift; path = PassiveObstacleComponent.swift; sourceTree = "<group>"; };
		B3A445802061A05B001587BB /* HunterAgent.swift */ = {isa = PBXFileReference; lastKnownFileType = sourcecode.swift; path = HunterAgent.swift; sourceTree = "<group>"; };
		B3AABB372062D5EF0093869F /* Sounds.swift */ = {isa = PBXFileReference; lastKnownFileType = sourcecode.swift; path = Sounds.swift; sourceTree = "<group>"; };
		B3AC52272062FA9C009E76BD /* HealthPack.swift */ = {isa = PBXFileReference; lastKnownFileType = sourcecode.swift; path = HealthPack.swift; sourceTree = "<group>"; };
		B3AC522B206305D0009E76BD /* small_explosion.caf */ = {isa = PBXFileReference; lastKnownFileType = file; path = small_explosion.caf; sourceTree = "<group>"; };
		B3AC522D2063065E009E76BD /* SettingsScene.swift */ = {isa = PBXFileReference; lastKnownFileType = sourcecode.swift; path = SettingsScene.swift; sourceTree = "<group>"; };
		B3C20D3C20486D2700B4F962 /* GameStates.swift */ = {isa = PBXFileReference; lastKnownFileType = sourcecode.swift; path = GameStates.swift; sourceTree = "<group>"; };
		B3C861C220570CC70053688D /* AnimatedComponent.swift */ = {isa = PBXFileReference; lastKnownFileType = sourcecode.swift; path = AnimatedComponent.swift; sourceTree = "<group>"; };
		B3CD462C204468310016B396 /* SpriteComponent.swift */ = {isa = PBXFileReference; lastKnownFileType = sourcecode.swift; path = SpriteComponent.swift; sourceTree = "<group>"; };
		B3CD462F20446A410016B396 /* PhysicsComponent.swift */ = {isa = PBXFileReference; lastKnownFileType = sourcecode.swift; path = PhysicsComponent.swift; sourceTree = "<group>"; };
		B3CD463420446F970016B396 /* HumanFighter.swift */ = {isa = PBXFileReference; lastKnownFileType = sourcecode.swift; path = HumanFighter.swift; sourceTree = "<group>"; };
		B3CD46362044729A0016B396 /* EntityController.swift */ = {isa = PBXFileReference; lastKnownFileType = sourcecode.swift; path = EntityController.swift; sourceTree = "<group>"; };
		B3CD463A204479050016B396 /* PropulsionComponent.swift */ = {isa = PBXFileReference; lastKnownFileType = sourcecode.swift; path = PropulsionComponent.swift; sourceTree = "<group>"; };
		B3CD463D204494AE0016B396 /* JoystickNode.swift */ = {isa = PBXFileReference; lastKnownFileType = sourcecode.swift; path = JoystickNode.swift; sourceTree = "<group>"; };
		B3CD463F2044A9AC0016B396 /* ManualRotationComponent.swift */ = {isa = PBXFileReference; lastKnownFileType = sourcecode.swift; path = ManualRotationComponent.swift; sourceTree = "<group>"; };
		B3CD46412044B70D0016B396 /* MapWrappingComponent.swift */ = {isa = PBXFileReference; lastKnownFileType = sourcecode.swift; path = MapWrappingComponent.swift; sourceTree = "<group>"; };
		B3CD46432044C3930016B396 /* HealthComponent.swift */ = {isa = PBXFileReference; lastKnownFileType = sourcecode.swift; path = HealthComponent.swift; sourceTree = "<group>"; };
		B3CD46452044C5900016B396 /* ContactDamageComponent.swift */ = {isa = PBXFileReference; lastKnownFileType = sourcecode.swift; path = ContactDamageComponent.swift; sourceTree = "<group>"; };
		B3CD46472044CC440016B396 /* PassiveAgent.swift */ = {isa = PBXFileReference; lastKnownFileType = sourcecode.swift; path = PassiveAgent.swift; sourceTree = "<group>"; };
		B3CD46492044D34F0016B396 /* ChaseBehavior.swift */ = {isa = PBXFileReference; lastKnownFileType = sourcecode.swift; path = ChaseBehavior.swift; sourceTree = "<group>"; };
		B3CD464C2044D49D0016B396 /* ChaseAgent.swift */ = {isa = PBXFileReference; lastKnownFileType = sourcecode.swift; path = ChaseAgent.swift; sourceTree = "<group>"; };
		B3CD464E2044D7F40016B396 /* GuidedMissile.swift */ = {isa = PBXFileReference; lastKnownFileType = sourcecode.swift; path = GuidedMissile.swift; sourceTree = "<group>"; };
		B3D10446205B6AF100DCC8C0 /* SceneResources.atlas */ = {isa = PBXFileReference; lastKnownFileType = folder.skatlas; path = SceneResources.atlas; sourceTree = "<group>"; };
		B3D75932205C82D20006F2C6 /* DisplayedPercentageBar.swift */ = {isa = PBXFileReference; lastKnownFileType = sourcecode.swift; path = DisplayedPercentageBar.swift; sourceTree = "<group>"; };
		B3D75934205C8C570006F2C6 /* PercentageBarComponent.swift */ = {isa = PBXFileReference; lastKnownFileType = sourcecode.swift; path = PercentageBarComponent.swift; sourceTree = "<group>"; };
/* End PBXFileReference section */

/* Begin PBXFrameworksBuildPhase section */
		B361E2BF20423E7100B2AF27 /* Frameworks */ = {
			isa = PBXFrameworksBuildPhase;
			buildActionMask = 2147483647;
			files = (
			);
			runOnlyForDeploymentPostprocessing = 0;
		};
/* End PBXFrameworksBuildPhase section */

/* Begin PBXGroup section */
		B30B81B72049BC1800A4F7A0 /* SceneBuilderNodes */ = {
			isa = PBXGroup;
			children = (
				B30B81B82049BC3800A4F7A0 /* SceneBuilderNodes.swift */,
			);
			path = SceneBuilderNodes;
			sourceTree = "<group>";
		};
		B35BEBC92048C6100039CF1E /* States */ = {
			isa = PBXGroup;
			children = (
				B3C20D3C20486D2700B4F962 /* GameStates.swift */,
			);
			path = States;
			sourceTree = "<group>";
		};
		B35BEBCC2048C8240039CF1E /* Scenes */ = {
			isa = PBXGroup;
			children = (
				B361E2CB20423E7100B2AF27 /* GameScene.swift */,
				B35BEBCF2048E5530039CF1E /* LevelOne.sks */,
				B36EE3C2205971CC003DBD40 /* MainMenuScene.swift */,
				B3AC522D2063065E009E76BD /* SettingsScene.swift */,
			);
			path = Scenes;
			sourceTree = "<group>";
		};
		B361E2B920423E7100B2AF27 = {
			isa = PBXGroup;
			children = (
				B361E2C420423E7100B2AF27 /* Homeworld */,
				B361E2C320423E7100B2AF27 /* Products */,
			);
			sourceTree = "<group>";
		};
		B361E2C320423E7100B2AF27 /* Products */ = {
			isa = PBXGroup;
			children = (
				B361E2C220423E7100B2AF27 /* Homeworld.app */,
			);
			name = Products;
			sourceTree = "<group>";
		};
		B361E2C420423E7100B2AF27 /* Homeworld */ = {
			isa = PBXGroup;
			children = (
				B3CD463C2044945A0016B396 /* Controls */,
				B3CD462E204469510016B396 /* Model Controllers */,
				B3CD462A204467D50016B396 /* Models */,
				B3CD4629204467360016B396 /* Resources */,
				B35BEBCC2048C8240039CF1E /* Scenes */,
				B361E2CD20423E7100B2AF27 /* GameViewController.swift */,
				B361E2CF20423E7100B2AF27 /* Main.storyboard */,
			);
			path = Homeworld;
			sourceTree = "<group>";
		};
		B3AABB322062CC450093869F /* Sounds */ = {
			isa = PBXGroup;
			children = (
				B3AC522B206305D0009E76BD /* small_explosion.caf */,
			);
			path = Sounds;
			sourceTree = "<group>";
		};
		B3CD4629204467360016B396 /* Resources */ = {
			isa = PBXGroup;
			children = (
				B3AABB322062CC450093869F /* Sounds */,
				B3150F042060618000E10875 /* explosion.atlas */,
				B3D10446205B6AF100DCC8C0 /* SceneResources.atlas */,
				B361E2C520423E7100B2AF27 /* AppDelegate.swift */,
				B361E2D220423E7100B2AF27 /* Assets.xcassets */,
				B395E44520583ADA0091C7A3 /* basic_fighter_short.atlas */,
				B361E2D420423E7100B2AF27 /* LaunchScreen.storyboard */,
				B361E2D720423E7100B2AF27 /* Info.plist */,
				B35BEBC32048B2A90039CF1E /* VT323-Regular.ttf */,
				B395E449205845500091C7A3 /* RocketFire.sks */,
				B352B074205B30560058E0B8 /* ResourceNames.swift */,
			);
			path = Resources;
			sourceTree = "<group>";
		};
		B3CD462A204467D50016B396 /* Models */ = {
			isa = PBXGroup;
			children = (
				B30B81B72049BC1800A4F7A0 /* SceneBuilderNodes */,
				B3CD463320446F4B0016B396 /* Entities */,
				B3CD462B204467E50016B396 /* Components */,
				B3CD464B2044D4870016B396 /* Behaviors */,
				B35BEBC92048C6100039CF1E /* States */,
				B3128525205C2F5F00F48AAD /* User.swift */,
			);
			path = Models;
			sourceTree = "<group>";
		};
		B3CD462B204467E50016B396 /* Components */ = {
			isa = PBXGroup;
			children = (
				B3CD462C204468310016B396 /* SpriteComponent.swift */,
				B3CD462F20446A410016B396 /* PhysicsComponent.swift */,
				B3CD463A204479050016B396 /* PropulsionComponent.swift */,
				B3CD463F2044A9AC0016B396 /* ManualRotationComponent.swift */,
				B3CD46412044B70D0016B396 /* MapWrappingComponent.swift */,
				B3CD46432044C3930016B396 /* HealthComponent.swift */,
				B3CD46452044C5900016B396 /* ContactDamageComponent.swift */,
				B3CD46472044CC440016B396 /* PassiveAgent.swift */,
				B3CD464C2044D49D0016B396 /* ChaseAgent.swift */,
				B306E2F520461C6D00F0E0D9 /* RaiderAgent.swift */,
				B3A445802061A05B001587BB /* HunterAgent.swift */,
				B37D2CEF204515EC0048941B /* FireComponent.swift */,
				B306E2EF2045E2EA00F0E0D9 /* LifespanComponent.swift */,
				B36C5F7B20474FFE0097F01B /* PositionLoggingComponent.swift */,
				B35BEBC52048B4EE0039CF1E /* DeathEffectComonent.swift */,
				B35BEBC72048C1F90039CF1E /* TeamComponent.swift */,
				B394483920535F3100A48BF0 /* AirfoilComponent.swift */,
				B3C861C220570CC70053688D /* AnimatedComponent.swift */,
				B395E44B2058482E0091C7A3 /* RocketEffectComponent.swift */,
				B3D75934205C8C570006F2C6 /* PercentageBarComponent.swift */,
				B3150F06206061BD00E10875 /* ConstantAnimationComponent.swift */,
				B3A4457E20616C32001587BB /* PassiveObstacleComponent.swift */,
				B3790CB72062010400EF2174 /* ImpactFeedbackComponent.swift */,
			);
			path = Components;
			sourceTree = "<group>";
		};
		B3CD462E204469510016B396 /* Model Controllers */ = {
			isa = PBXGroup;
			children = (
				B3CD46362044729A0016B396 /* EntityController.swift */,
				B3790CB32061B9FE00EF2174 /* DifficultyLevel.swift */,
				B3AABB372062D5EF0093869F /* Sounds.swift */,
			);
			path = "Model Controllers";
			sourceTree = "<group>";
		};
		B3CD463320446F4B0016B396 /* Entities */ = {
			isa = PBXGroup;
			children = (
				B3CD463420446F970016B396 /* HumanFighter.swift */,
				B3CD464E2044D7F40016B396 /* GuidedMissile.swift */,
				B306E2E92045C5B900F0E0D9 /* Projectile.swift */,
				B306E2F12045F88900F0E0D9 /* Building.swift */,
				B306E2F72046223600F0E0D9 /* Raider.swift */,
				B36C5F7920474FDC0097F01B /* DebuggingBeacon.swift */,
				B30B81BA2049BDBA00A4F7A0 /* Tree.swift */,
				B30B81BC2049C47800A4F7A0 /* Rock.swift */,
				B395E447205841240091C7A3 /* Ground.swift */,
				B36EE3C420599A79003DBD40 /* MotherShip.swift */,
				B3D75932205C82D20006F2C6 /* DisplayedPercentageBar.swift */,
				B3150F0A206064CF00E10875 /* Explosion.swift */,
				B3790CB52061C26F00EF2174 /* Hunter.swift */,
				B3AC52272062FA9C009E76BD /* HealthPack.swift */,
			);
			path = Entities;
			sourceTree = "<group>";
		};
		B3CD463C2044945A0016B396 /* Controls */ = {
			isa = PBXGroup;
			children = (
				B3CD463D204494AE0016B396 /* JoystickNode.swift */,
				B306E2EB2045D01A00F0E0D9 /* ButtonNode.swift */,
			);
			path = Controls;
			sourceTree = "<group>";
		};
		B3CD464B2044D4870016B396 /* Behaviors */ = {
			isa = PBXGroup;
			children = (
				B3CD46492044D34F0016B396 /* ChaseBehavior.swift */,
				B3338B922049F21800589E7C /* RetreatBehavior.swift */,
				B3A4457C20616230001587BB /* CollisionAvoidanceBehavior.swift */,
			);
			path = Behaviors;
			sourceTree = "<group>";
		};
/* End PBXGroup section */

/* Begin PBXNativeTarget section */
		B361E2C120423E7100B2AF27 /* Homeworld */ = {
			isa = PBXNativeTarget;
			buildConfigurationList = B361E2DA20423E7100B2AF27 /* Build configuration list for PBXNativeTarget "Homeworld" */;
			buildPhases = (
				B361E2BE20423E7100B2AF27 /* Sources */,
				B361E2BF20423E7100B2AF27 /* Frameworks */,
				B361E2C020423E7100B2AF27 /* Resources */,
				B3CD46502044FBCD0016B396 /* ShellScript */,
			);
			buildRules = (
			);
			dependencies = (
			);
			name = Homeworld;
			productName = Homeworld;
			productReference = B361E2C220423E7100B2AF27 /* Homeworld.app */;
			productType = "com.apple.product-type.application";
		};
/* End PBXNativeTarget section */

/* Begin PBXProject section */
		B361E2BA20423E7100B2AF27 /* Project object */ = {
			isa = PBXProject;
			attributes = {
				LastSwiftUpdateCheck = 0920;
				LastUpgradeCheck = 0930;
				ORGANIZATIONNAME = "Christopher Thiebaut";
				TargetAttributes = {
					B361E2C120423E7100B2AF27 = {
						CreatedOnToolsVersion = 9.2;
						ProvisioningStyle = Automatic;
					};
				};
			};
			buildConfigurationList = B361E2BD20423E7100B2AF27 /* Build configuration list for PBXProject "Homeworld" */;
			compatibilityVersion = "Xcode 8.0";
			developmentRegion = en;
			hasScannedForEncodings = 0;
			knownRegions = (
				en,
				Base,
			);
			mainGroup = B361E2B920423E7100B2AF27;
			productRefGroup = B361E2C320423E7100B2AF27 /* Products */;
			projectDirPath = "";
			projectRoot = "";
			targets = (
				B361E2C120423E7100B2AF27 /* Homeworld */,
			);
		};
/* End PBXProject section */

/* Begin PBXResourcesBuildPhase section */
		B361E2C020423E7100B2AF27 /* Resources */ = {
			isa = PBXResourcesBuildPhase;
			buildActionMask = 2147483647;
			files = (
				B3D10447205B6AF100DCC8C0 /* SceneResources.atlas in Resources */,
				B35BEBD02048E5530039CF1E /* LevelOne.sks in Resources */,
				B3AC522C206305D0009E76BD /* small_explosion.caf in Resources */,
				B395E44620583ADB0091C7A3 /* basic_fighter_short.atlas in Resources */,
				B395E44A205845500091C7A3 /* RocketFire.sks in Resources */,
				B361E2D120423E7100B2AF27 /* Main.storyboard in Resources */,
				B3150F052060618000E10875 /* explosion.atlas in Resources */,
				B361E2D320423E7100B2AF27 /* Assets.xcassets in Resources */,
				B35BEBC42048B2A90039CF1E /* VT323-Regular.ttf in Resources */,
				B361E2D620423E7100B2AF27 /* LaunchScreen.storyboard in Resources */,
			);
			runOnlyForDeploymentPostprocessing = 0;
		};
/* End PBXResourcesBuildPhase section */

/* Begin PBXShellScriptBuildPhase section */
		B3CD46502044FBCD0016B396 /* ShellScript */ = {
			isa = PBXShellScriptBuildPhase;
			buildActionMask = 2147483647;
			files = (
			);
			inputPaths = (
			);
			outputPaths = (
			);
			runOnlyForDeploymentPostprocessing = 0;
			shellPath = /bin/sh;
			shellScript = "TAGS=\"TODO:|FIXME:\"\necho \"searching ${SRCROOT} for ${TAGS}\"\nfind \"${SRCROOT}\" \\( -name \"*.swift\" \\) -print0 | xargs -0 egrep --with-filename --line-number --only-matching \"($TAGS).*\\$\" | perl -p -e \"s/($TAGS)/ warning: \\$1/\"";
		};
/* End PBXShellScriptBuildPhase section */

/* Begin PBXSourcesBuildPhase section */
		B361E2BE20423E7100B2AF27 /* Sources */ = {
			isa = PBXSourcesBuildPhase;
			buildActionMask = 2147483647;
			files = (
				B36EE3C3205971CC003DBD40 /* MainMenuScene.swift in Sources */,
				B3A445812061A05B001587BB /* HunterAgent.swift in Sources */,
				B3CD463E204494AE0016B396 /* JoystickNode.swift in Sources */,
				B30B81B92049BC3800A4F7A0 /* SceneBuilderNodes.swift in Sources */,
				B3C20D3D20486D2700B4F962 /* GameStates.swift in Sources */,
				B361E2CC20423E7100B2AF27 /* GameScene.swift in Sources */,
				B306E2F620461C6D00F0E0D9 /* RaiderAgent.swift in Sources */,
				B3CD463520446F970016B396 /* HumanFighter.swift in Sources */,
				B395E448205841240091C7A3 /* Ground.swift in Sources */,
				B3150F07206061BD00E10875 /* ConstantAnimationComponent.swift in Sources */,
				B306E2F22045F88900F0E0D9 /* Building.swift in Sources */,
				B3D75935205C8C570006F2C6 /* PercentageBarComponent.swift in Sources */,
				B361E2CE20423E7100B2AF27 /* GameViewController.swift in Sources */,
				B3A4457D20616230001587BB /* CollisionAvoidanceBehavior.swift in Sources */,
				B30B81BD2049C47800A4F7A0 /* Rock.swift in Sources */,
				B3CD463020446A410016B396 /* PhysicsComponent.swift in Sources */,
				B3338B932049F21900589E7C /* RetreatBehavior.swift in Sources */,
				B3D75933205C82D20006F2C6 /* DisplayedPercentageBar.swift in Sources */,
				B36C5F7C20474FFE0097F01B /* PositionLoggingComponent.swift in Sources */,
				B3AC52282062FA9C009E76BD /* HealthPack.swift in Sources */,
				B3CD46442044C3930016B396 /* HealthComponent.swift in Sources */,
				B395E44C2058482E0091C7A3 /* RocketEffectComponent.swift in Sources */,
				B3790CB42061B9FE00EF2174 /* DifficultyLevel.swift in Sources */,
				B3CD462D204468310016B396 /* SpriteComponent.swift in Sources */,
				B3CD46482044CC440016B396 /* PassiveAgent.swift in Sources */,
				B3128526205C2F5F00F48AAD /* User.swift in Sources */,
				B352B075205B30560058E0B8 /* ResourceNames.swift in Sources */,
				B3C861C320570CC70053688D /* AnimatedComponent.swift in Sources */,
				B35BEBC82048C1F90039CF1E /* TeamComponent.swift in Sources */,
				B35BEBC62048B4EE0039CF1E /* DeathEffectComonent.swift in Sources */,
				B3CD464F2044D7F40016B396 /* GuidedMissile.swift in Sources */,
				B306E2F02045E2EA00F0E0D9 /* LifespanComponent.swift in Sources */,
				B3790CB82062010400EF2174 /* ImpactFeedbackComponent.swift in Sources */,
				B306E2EC2045D01A00F0E0D9 /* ButtonNode.swift in Sources */,
				B3A4457F20616C32001587BB /* PassiveObstacleComponent.swift in Sources */,
				B306E2EA2045C5B900F0E0D9 /* Projectile.swift in Sources */,
				B3CD46372044729A0016B396 /* EntityController.swift in Sources */,
				B30B81BB2049BDBA00A4F7A0 /* Tree.swift in Sources */,
				B3CD46462044C5900016B396 /* ContactDamageComponent.swift in Sources */,
				B3CD464A2044D34F0016B396 /* ChaseBehavior.swift in Sources */,
				B3CD46422044B70D0016B396 /* MapWrappingComponent.swift in Sources */,
				B394483A20535F3100A48BF0 /* AirfoilComponent.swift in Sources */,
				B3CD463B204479050016B396 /* PropulsionComponent.swift in Sources */,
				B306E2F82046223600F0E0D9 /* Raider.swift in Sources */,
				B3AABB382062D5EF0093869F /* Sounds.swift in Sources */,
				B361E2C620423E7100B2AF27 /* AppDelegate.swift in Sources */,
				B37D2CF0204515EC0048941B /* FireComponent.swift in Sources */,
				B36C5F7A20474FDC0097F01B /* DebuggingBeacon.swift in Sources */,
				B3790CB62061C26F00EF2174 /* Hunter.swift in Sources */,
				B36EE3C520599A79003DBD40 /* MotherShip.swift in Sources */,
				B3150F0B206064CF00E10875 /* Explosion.swift in Sources */,
				B3AC522E2063065E009E76BD /* SettingsScene.swift in Sources */,
				B3CD464D2044D49D0016B396 /* ChaseAgent.swift in Sources */,
				B3CD46402044A9AC0016B396 /* ManualRotationComponent.swift in Sources */,
			);
			runOnlyForDeploymentPostprocessing = 0;
		};
/* End PBXSourcesBuildPhase section */

/* Begin PBXVariantGroup section */
		B361E2CF20423E7100B2AF27 /* Main.storyboard */ = {
			isa = PBXVariantGroup;
			children = (
				B361E2D020423E7100B2AF27 /* Base */,
			);
			name = Main.storyboard;
			sourceTree = "<group>";
		};
		B361E2D420423E7100B2AF27 /* LaunchScreen.storyboard */ = {
			isa = PBXVariantGroup;
			children = (
				B361E2D520423E7100B2AF27 /* Base */,
			);
			name = LaunchScreen.storyboard;
			sourceTree = "<group>";
		};
/* End PBXVariantGroup section */

/* Begin XCBuildConfiguration section */
		B361E2D820423E7100B2AF27 /* Debug */ = {
			isa = XCBuildConfiguration;
			buildSettings = {
				ALWAYS_SEARCH_USER_PATHS = NO;
				CLANG_ANALYZER_NONNULL = YES;
				CLANG_ANALYZER_NUMBER_OBJECT_CONVERSION = YES_AGGRESSIVE;
				CLANG_CXX_LANGUAGE_STANDARD = "gnu++14";
				CLANG_CXX_LIBRARY = "libc++";
				CLANG_ENABLE_MODULES = YES;
				CLANG_ENABLE_OBJC_ARC = YES;
				CLANG_WARN_BLOCK_CAPTURE_AUTORELEASING = YES;
				CLANG_WARN_BOOL_CONVERSION = YES;
				CLANG_WARN_COMMA = YES;
				CLANG_WARN_CONSTANT_CONVERSION = YES;
				CLANG_WARN_DEPRECATED_OBJC_IMPLEMENTATIONS = YES;
				CLANG_WARN_DIRECT_OBJC_ISA_USAGE = YES_ERROR;
				CLANG_WARN_DOCUMENTATION_COMMENTS = YES;
				CLANG_WARN_EMPTY_BODY = YES;
				CLANG_WARN_ENUM_CONVERSION = YES;
				CLANG_WARN_INFINITE_RECURSION = YES;
				CLANG_WARN_INT_CONVERSION = YES;
				CLANG_WARN_NON_LITERAL_NULL_CONVERSION = YES;
				CLANG_WARN_OBJC_IMPLICIT_RETAIN_SELF = YES;
				CLANG_WARN_OBJC_LITERAL_CONVERSION = YES;
				CLANG_WARN_OBJC_ROOT_CLASS = YES_ERROR;
				CLANG_WARN_RANGE_LOOP_ANALYSIS = YES;
				CLANG_WARN_STRICT_PROTOTYPES = YES;
				CLANG_WARN_SUSPICIOUS_MOVE = YES;
				CLANG_WARN_UNGUARDED_AVAILABILITY = YES_AGGRESSIVE;
				CLANG_WARN_UNREACHABLE_CODE = YES;
				CLANG_WARN__DUPLICATE_METHOD_MATCH = YES;
				CODE_SIGN_IDENTITY = "iPhone Developer";
				COPY_PHASE_STRIP = NO;
				DEBUG_INFORMATION_FORMAT = dwarf;
				ENABLE_STRICT_OBJC_MSGSEND = YES;
				ENABLE_TESTABILITY = YES;
				GCC_C_LANGUAGE_STANDARD = gnu11;
				GCC_DYNAMIC_NO_PIC = NO;
				GCC_NO_COMMON_BLOCKS = YES;
				GCC_OPTIMIZATION_LEVEL = 0;
				GCC_PREPROCESSOR_DEFINITIONS = (
					"DEBUG=1",
					"$(inherited)",
				);
				GCC_WARN_64_TO_32_BIT_CONVERSION = YES;
				GCC_WARN_ABOUT_RETURN_TYPE = YES_ERROR;
				GCC_WARN_UNDECLARED_SELECTOR = YES;
				GCC_WARN_UNINITIALIZED_AUTOS = YES_AGGRESSIVE;
				GCC_WARN_UNUSED_FUNCTION = YES;
				GCC_WARN_UNUSED_VARIABLE = YES;
				IPHONEOS_DEPLOYMENT_TARGET = 11.2;
				MTL_ENABLE_DEBUG_INFO = YES;
				ONLY_ACTIVE_ARCH = YES;
				SDKROOT = iphoneos;
				SWIFT_ACTIVE_COMPILATION_CONDITIONS = DEBUG;
				SWIFT_OPTIMIZATION_LEVEL = "-Onone";
				"Texture Atlas Maximum Size" = 4096x4096;
			};
			name = Debug;
		};
		B361E2D920423E7100B2AF27 /* Release */ = {
			isa = XCBuildConfiguration;
			buildSettings = {
				ALWAYS_SEARCH_USER_PATHS = NO;
				CLANG_ANALYZER_NONNULL = YES;
				CLANG_ANALYZER_NUMBER_OBJECT_CONVERSION = YES_AGGRESSIVE;
				CLANG_CXX_LANGUAGE_STANDARD = "gnu++14";
				CLANG_CXX_LIBRARY = "libc++";
				CLANG_ENABLE_MODULES = YES;
				CLANG_ENABLE_OBJC_ARC = YES;
				CLANG_WARN_BLOCK_CAPTURE_AUTORELEASING = YES;
				CLANG_WARN_BOOL_CONVERSION = YES;
				CLANG_WARN_COMMA = YES;
				CLANG_WARN_CONSTANT_CONVERSION = YES;
				CLANG_WARN_DEPRECATED_OBJC_IMPLEMENTATIONS = YES;
				CLANG_WARN_DIRECT_OBJC_ISA_USAGE = YES_ERROR;
				CLANG_WARN_DOCUMENTATION_COMMENTS = YES;
				CLANG_WARN_EMPTY_BODY = YES;
				CLANG_WARN_ENUM_CONVERSION = YES;
				CLANG_WARN_INFINITE_RECURSION = YES;
				CLANG_WARN_INT_CONVERSION = YES;
				CLANG_WARN_NON_LITERAL_NULL_CONVERSION = YES;
				CLANG_WARN_OBJC_IMPLICIT_RETAIN_SELF = YES;
				CLANG_WARN_OBJC_LITERAL_CONVERSION = YES;
				CLANG_WARN_OBJC_ROOT_CLASS = YES_ERROR;
				CLANG_WARN_RANGE_LOOP_ANALYSIS = YES;
				CLANG_WARN_STRICT_PROTOTYPES = YES;
				CLANG_WARN_SUSPICIOUS_MOVE = YES;
				CLANG_WARN_UNGUARDED_AVAILABILITY = YES_AGGRESSIVE;
				CLANG_WARN_UNREACHABLE_CODE = YES;
				CLANG_WARN__DUPLICATE_METHOD_MATCH = YES;
				CODE_SIGN_IDENTITY = "iPhone Developer";
				COPY_PHASE_STRIP = NO;
				DEBUG_INFORMATION_FORMAT = "dwarf-with-dsym";
				ENABLE_NS_ASSERTIONS = NO;
				ENABLE_STRICT_OBJC_MSGSEND = YES;
				GCC_C_LANGUAGE_STANDARD = gnu11;
				GCC_NO_COMMON_BLOCKS = YES;
				GCC_WARN_64_TO_32_BIT_CONVERSION = YES;
				GCC_WARN_ABOUT_RETURN_TYPE = YES_ERROR;
				GCC_WARN_UNDECLARED_SELECTOR = YES;
				GCC_WARN_UNINITIALIZED_AUTOS = YES_AGGRESSIVE;
				GCC_WARN_UNUSED_FUNCTION = YES;
				GCC_WARN_UNUSED_VARIABLE = YES;
				IPHONEOS_DEPLOYMENT_TARGET = 11.2;
				MTL_ENABLE_DEBUG_INFO = NO;
				SDKROOT = iphoneos;
				SWIFT_OPTIMIZATION_LEVEL = "-Onone";
				"Texture Atlas Maximum Size" = 4096x4096;
				VALIDATE_PRODUCT = YES;
			};
			name = Release;
		};
		B361E2DB20423E7100B2AF27 /* Debug */ = {
			isa = XCBuildConfiguration;
			buildSettings = {
				ASSETCATALOG_COMPILER_APPICON_NAME = AppIcon;
				CODE_SIGN_STYLE = Automatic;
				DEVELOPMENT_TEAM = JM5E6M7XJW;
				ENABLE_BITCODE = NO;
				INFOPLIST_FILE = "$(SRCROOT)/Homeworld/Resources/Info.plist";
				IPHONEOS_DEPLOYMENT_TARGET = 10.0;
				LD_RUNPATH_SEARCH_PATHS = "$(inherited) @executable_path/Frameworks";
				PRODUCT_BUNDLE_IDENTIFIER = com.christopherthiebaut.Homeworld;
				PRODUCT_NAME = "$(TARGET_NAME)";
				SWIFT_VERSION = 4.0;
				TARGETED_DEVICE_FAMILY = 1;
			};
			name = Debug;
		};
		B361E2DC20423E7100B2AF27 /* Release */ = {
			isa = XCBuildConfiguration;
			buildSettings = {
				ASSETCATALOG_COMPILER_APPICON_NAME = AppIcon;
				CODE_SIGN_STYLE = Automatic;
				DEVELOPMENT_TEAM = JM5E6M7XJW;
				ENABLE_BITCODE = NO;
				INFOPLIST_FILE = "$(SRCROOT)/Homeworld/Resources/Info.plist";
				IPHONEOS_DEPLOYMENT_TARGET = 10.0;
				LD_RUNPATH_SEARCH_PATHS = "$(inherited) @executable_path/Frameworks";
				PRODUCT_BUNDLE_IDENTIFIER = com.christopherthiebaut.Homeworld;
				PRODUCT_NAME = "$(TARGET_NAME)";
				SWIFT_VERSION = 4.0;
				TARGETED_DEVICE_FAMILY = 1;
			};
			name = Release;
		};
/* End XCBuildConfiguration section */

/* Begin XCConfigurationList section */
		B361E2BD20423E7100B2AF27 /* Build configuration list for PBXProject "Homeworld" */ = {
			isa = XCConfigurationList;
			buildConfigurations = (
				B361E2D820423E7100B2AF27 /* Debug */,
				B361E2D920423E7100B2AF27 /* Release */,
			);
			defaultConfigurationIsVisible = 0;
			defaultConfigurationName = Release;
		};
		B361E2DA20423E7100B2AF27 /* Build configuration list for PBXNativeTarget "Homeworld" */ = {
			isa = XCConfigurationList;
			buildConfigurations = (
				B361E2DB20423E7100B2AF27 /* Debug */,
				B361E2DC20423E7100B2AF27 /* Release */,
			);
			defaultConfigurationIsVisible = 0;
			defaultConfigurationName = Release;
		};
/* End XCConfigurationList section */
	};
	rootObject = B361E2BA20423E7100B2AF27 /* Project object */;
}
